{
  "name": "dssk-1",
  "version": "1.0.0",
  "lockfileVersion": 1,
  "requires": true,
  "dependencies": {
    "moment": {
      "version": "2.29.4",
      "resolved": "https://registry.npmmirror.com/moment/-/moment-2.29.4.tgz",
      "integrity": "sha512-5LC9SOxjSc2HF6vO2CyuTDNivEdoz2IvyJJGj6X8DJ0eFyfszE0QiEd+iXmBvUP3WHxSjFH/vIsA0EN00cgr8w=="
    },
    "opencollective-postinstall": {
      "version": "2.0.3",
      "resolved": "https://registry.npmmirror.com/opencollective-postinstall/-/opencollective-postinstall-2.0.3.tgz",
      "integrity": "sha512-8AV/sCtuzUeTo8gQK5qDZzARrulB3egtLzFgteqB2tcT4Mw7B8Kt7JcDHmltjz6FOAHsvTevk70gZEbhM4ZS9Q=="
    },
    "vue-ls": {
      "version": "4.2.0",
      "resolved": "https://registry.npmmirror.com/vue-ls/-/vue-ls-4.2.0.tgz",
      "integrity": "sha512-aEQvaFzIH6A0u0in4ghsxiqMgXNxf2+mtgOW8BaiLM6f3gTfvJMjZBjSrycDgdde7P5VfXOqLFGk4+Tf0Mre6Q==",
      "requires": {
        "opencollective-postinstall": "^2.0.2"
      }
    }
  }
}
